
Microsoft Visual Studio Solution File, Format Version 12.00
# Visual Studio Version 16
VisualStudioVersion = 16.0.29411.138
MinimumVisualStudioVersion = 10.0.40219.1
Project("{F2A71F9B-5D33-465A-A702-920D77279786}") = "FsPerfSo", "FsPerfSo\FsPerfSo.fsproj", "{85A1C222-4DEF-47F2-A3D0-62473ED8B611}"
EndProject
Project("{F2A71F9B-5D33-465A-A702-920D77279786}") = "FsPerfSoDN", "FsPerfSoDN\FsPerfSoDN.fsproj", "{5CED13A7-6E0F-43A9-976B-3B03207DA1B3}"
EndProject
Global
	GlobalSection(SolutionConfigurationPlatforms) = preSolution
		Debug|Any CPU = Debug|Any CPU
		Debug|x64 = Debug|x64
		Debug|x86 = Debug|x86
		Release|Any CPU = Release|Any CPU
		Release|x64 = Release|x64
		Release|x86 = Release|x86
	EndGlobalSection
	GlobalSection(ProjectConfigurationPlatforms) = postSolution
		{85A1C222-4DEF-47F2-A3D0-62473ED8B611}.Debug|Any CPU.ActiveCfg = Debug|Any CPU
		{85A1C222-4DEF-47F2-A3D0-62473ED8B611}.Debug|Any CPU.Build.0 = Debug|Any CPU
		{85A1C222-4DEF-47F2-A3D0-62473ED8B611}.Debug|x64.ActiveCfg = Debug|x64
		{85A1C222-4DEF-47F2-A3D0-62473ED8B611}.Debug|x64.Build.0 = Debug|x64
		{85A1C222-4DEF-47F2-A3D0-62473ED8B611}.Debug|x86.ActiveCfg = Debug|x86
		{85A1C222-4DEF-47F2-A3D0-62473ED8B611}.Debug|x86.Build.0 = Debug|x86
		{85A1C222-4DEF-47F2-A3D0-62473ED8B611}.Release|Any CPU.ActiveCfg = Release|Any CPU
		{85A1C222-4DEF-47F2-A3D0-62473ED8B611}.Release|Any CPU.Build.0 = Release|Any CPU
		{85A1C222-4DEF-47F2-A3D0-62473ED8B611}.Release|x64.ActiveCfg = Release|x64
		{85A1C222-4DEF-47F2-A3D0-62473ED8B611}.Release|x64.Build.0 = Release|x64
		{85A1C222-4DEF-47F2-A3D0-62473ED8B611}.Release|x86.ActiveCfg = Release|x86
		{85A1C222-4DEF-47F2-A3D0-62473ED8B611}.Release|x86.Build.0 = Release|x86
		{5CED13A7-6E0F-43A9-976B-3B03207DA1B3}.Debug|Any CPU.ActiveCfg = Debug|Any CPU
		{5CED13A7-6E0F-43A9-976B-3B03207DA1B3}.Debug|Any CPU.Build.0 = Debug|Any CPU
		{5CED13A7-6E0F-43A9-976B-3B03207DA1B3}.Debug|x64.ActiveCfg = Debug|Any CPU
		{5CED13A7-6E0F-43A9-976B-3B03207DA1B3}.Debug|x64.Build.0 = Debug|Any CPU
		{5CED13A7-6E0F-43A9-976B-3B03207DA1B3}.Debug|x86.ActiveCfg = Debug|Any CPU
		{5CED13A7-6E0F-43A9-976B-3B03207DA1B3}.Debug|x86.Build.0 = Debug|Any CPU
		{5CED13A7-6E0F-43A9-976B-3B03207DA1B3}.Release|Any CPU.ActiveCfg = Release|Any CPU
		{5CED13A7-6E0F-43A9-976B-3B03207DA1B3}.Release|Any CPU.Build.0 = Release|Any CPU
		{5CED13A7-6E0F-43A9-976B-3B03207DA1B3}.Release|x64.ActiveCfg = Release|x64
		{5CED13A7-6E0F-43A9-976B-3B03207DA1B3}.Release|x64.Build.0 = Release|x64
		{5CED13A7-6E0F-43A9-976B-3B03207DA1B3}.Release|x86.ActiveCfg = Release|x86
		{5CED13A7-6E0F-43A9-976B-3B03207DA1B3}.Release|x86.Build.0 = Release|x86
	EndGlobalSection
	GlobalSection(SolutionProperties) = preSolution
		HideSolutionNode = FALSE
	EndGlobalSection
	GlobalSection(ExtensibilityGlobals) = postSolution
		SolutionGuid = {FEB14F3F-E6ED-49F3-AB4D-80A9E4E9500F}
	EndGlobalSection
EndGlobal
